
Microsoft Visual Studio Solution File, Format Version 12.00
# Visual Studio 15
VisualStudioVersion = 15.0.27703.2026
MinimumVisualStudioVersion = 10.0.40219.1
Project("{FAE04EC0-301F-11D3-BF4B-00C04F79EFBC}") = "ImageUploader.Android", "ImageUploader\ImageUploader.Android\ImageUploader.Android.csproj", "{F54BAC5C-51E6-4543-B607-BC6F4A4CFDBA}"
EndProject
Project("{FAE04EC0-301F-11D3-BF4B-00C04F79EFBC}") = "ImageUploader.iOS", "ImageUploader\ImageUploader.iOS\ImageUploader.iOS.csproj", "{C98F13F0-1E44-4065-946A-F864A45B02CD}"
EndProject
Project("{FAE04EC0-301F-11D3-BF4B-00C04F79EFBC}") = "ImageUploader", "ImageUploader\ImageUploader\ImageUploader.csproj", "{9E5E184A-DDE0-47CA-8F68-E30F43F21BE3}"
EndProject
Global
	GlobalSection(SolutionConfigurationPlatforms) = preSolution
		Ad-Hoc|Any CPU = Ad-Hoc|Any CPU
		Ad-Hoc|iPhone = Ad-Hoc|iPhone
		Ad-Hoc|iPhoneSimulator = Ad-Hoc|iPhoneSimulator
		AppStore|Any CPU = AppStore|Any CPU
		AppStore|iPhone = AppStore|iPhone
		AppStore|iPhoneSimulator = AppStore|iPhoneSimulator
		Debug|Any CPU = Debug|Any CPU
		Debug|iPhone = Debug|iPhone
		Debug|iPhoneSimulator = Debug|iPhoneSimulator
		Release|Any CPU = Release|Any CPU
		Release|iPhone = Release|iPhone
		Release|iPhoneSimulator = Release|iPhoneSimulator
	EndGlobalSection
	GlobalSection(ProjectConfigurationPlatforms) = postSolution
		{F54BAC5C-51E6-4543-B607-BC6F4A4CFDBA}.Ad-Hoc|Any CPU.ActiveCfg = Release|Any CPU
		{F54BAC5C-51E6-4543-B607-BC6F4A4CFDBA}.Ad-Hoc|Any CPU.Build.0 = Release|Any CPU
		{F54BAC5C-51E6-4543-B607-BC6F4A4CFDBA}.Ad-Hoc|Any CPU.Deploy.0 = Release|Any CPU
		{F54BAC5C-51E6-4543-B607-BC6F4A4CFDBA}.Ad-Hoc|iPhone.ActiveCfg = Release|Any CPU
		{F54BAC5C-51E6-4543-B607-BC6F4A4CFDBA}.Ad-Hoc|iPhone.Build.0 = Release|Any CPU
		{F54BAC5C-51E6-4543-B607-BC6F4A4CFDBA}.Ad-Hoc|iPhone.Deploy.0 = Release|Any CPU
		{F54BAC5C-51E6-4543-B607-BC6F4A4CFDBA}.Ad-Hoc|iPhoneSimulator.ActiveCfg = Release|Any CPU
		{F54BAC5C-51E6-4543-B607-BC6F4A4CFDBA}.Ad-Hoc|iPhoneSimulator.Build.0 = Release|Any CPU
		{F54BAC5C-51E6-4543-B607-BC6F4A4CFDBA}.Ad-Hoc|iPhoneSimulator.Deploy.0 = Release|Any CPU
		{F54BAC5C-51E6-4543-B607-BC6F4A4CFDBA}.AppStore|Any CPU.ActiveCfg = Release|Any CPU
		{F54BAC5C-51E6-4543-B607-BC6F4A4CFDBA}.AppStore|Any CPU.Build.0 = Release|Any CPU
		{F54BAC5C-51E6-4543-B607-BC6F4A4CFDBA}.AppStore|Any CPU.Deploy.0 = Release|Any CPU
		{F54BAC5C-51E6-4543-B607-BC6F4A4CFDBA}.AppStore|iPhone.ActiveCfg = Release|Any CPU
		{F54BAC5C-51E6-4543-B607-BC6F4A4CFDBA}.AppStore|iPhone.Build.0 = Release|Any CPU
		{F54BAC5C-51E6-4543-B607-BC6F4A4CFDBA}.AppStore|iPhone.Deploy.0 = Release|Any CPU
		{F54BAC5C-51E6-4543-B607-BC6F4A4CFDBA}.AppStore|iPhoneSimulator.ActiveCfg = Release|Any CPU
		{F54BAC5C-51E6-4543-B607-BC6F4A4CFDBA}.AppStore|iPhoneSimulator.Build.0 = Release|Any CPU
		{F54BAC5C-51E6-4543-B607-BC6F4A4CFDBA}.AppStore|iPhoneSimulator.Deploy.0 = Release|Any CPU
		{F54BAC5C-51E6-4543-B607-BC6F4A4CFDBA}.Debug|Any CPU.ActiveCfg = Debug|Any CPU
		{F54BAC5C-51E6-4543-B607-BC6F4A4CFDBA}.Debug|Any CPU.Build.0 = Debug|Any CPU
		{F54BAC5C-51E6-4543-B607-BC6F4A4CFDBA}.Debug|Any CPU.Deploy.0 = Debug|Any CPU
		{F54BAC5C-51E6-4543-B607-BC6F4A4CFDBA}.Debug|iPhone.ActiveCfg = Debug|Any CPU
		{F54BAC5C-51E6-4543-B607-BC6F4A4CFDBA}.Debug|iPhone.Build.0 = Debug|Any CPU
		{F54BAC5C-51E6-4543-B607-BC6F4A4CFDBA}.Debug|iPhone.Deploy.0 = Debug|Any CPU
		{F54BAC5C-51E6-4543-B607-BC6F4A4CFDBA}.Debug|iPhoneSimulator.ActiveCfg = Debug|Any CPU
		{F54BAC5C-51E6-4543-B607-BC6F4A4CFDBA}.Debug|iPhoneSimulator.Build.0 = Debug|Any CPU
		{F54BAC5C-51E6-4543-B607-BC6F4A4CFDBA}.Debug|iPhoneSimulator.Deploy.0 = Debug|Any CPU
		{F54BAC5C-51E6-4543-B607-BC6F4A4CFDBA}.Release|Any CPU.ActiveCfg = Release|Any CPU
		{F54BAC5C-51E6-4543-B607-BC6F4A4CFDBA}.Release|Any CPU.Build.0 = Release|Any CPU
		{F54BAC5C-51E6-4543-B607-BC6F4A4CFDBA}.Release|Any CPU.Deploy.0 = Release|Any CPU
		{F54BAC5C-51E6-4543-B607-BC6F4A4CFDBA}.Release|iPhone.ActiveCfg = Release|Any CPU
		{F54BAC5C-51E6-4543-B607-BC6F4A4CFDBA}.Release|iPhone.Build.0 = Release|Any CPU
		{F54BAC5C-51E6-4543-B607-BC6F4A4CFDBA}.Release|iPhone.Deploy.0 = Release|Any CPU
		{F54BAC5C-51E6-4543-B607-BC6F4A4CFDBA}.Release|iPhoneSimulator.ActiveCfg = Release|Any CPU
		{F54BAC5C-51E6-4543-B607-BC6F4A4CFDBA}.Release|iPhoneSimulator.Build.0 = Release|Any CPU
		{F54BAC5C-51E6-4543-B607-BC6F4A4CFDBA}.Release|iPhoneSimulator.Deploy.0 = Release|Any CPU
		{C98F13F0-1E44-4065-946A-F864A45B02CD}.Ad-Hoc|Any CPU.ActiveCfg = Ad-Hoc|iPhone
		{C98F13F0-1E44-4065-946A-F864A45B02CD}.Ad-Hoc|Any CPU.Build.0 = Ad-Hoc|iPhone
		{C98F13F0-1E44-4065-946A-F864A45B02CD}.Ad-Hoc|Any CPU.Deploy.0 = Ad-Hoc|iPhone
		{C98F13F0-1E44-4065-946A-F864A45B02CD}.Ad-Hoc|iPhone.ActiveCfg = Ad-Hoc|iPhone
		{C98F13F0-1E44-4065-946A-F864A45B02CD}.Ad-Hoc|iPhone.Build.0 = Ad-Hoc|iPhone
		{C98F13F0-1E44-4065-946A-F864A45B02CD}.Ad-Hoc|iPhone.Deploy.0 = Ad-Hoc|iPhone
		{C98F13F0-1E44-4065-946A-F864A45B02CD}.Ad-Hoc|iPhoneSimulator.ActiveCfg = Ad-Hoc|iPhoneSimulator
		{C98F13F0-1E44-4065-946A-F864A45B02CD}.Ad-Hoc|iPhoneSimulator.Build.0 = Ad-Hoc|iPhoneSimulator
		{C98F13F0-1E44-4065-946A-F864A45B02CD}.Ad-Hoc|iPhoneSimulator.Deploy.0 = Ad-Hoc|iPhoneSimulator
		{C98F13F0-1E44-4065-946A-F864A45B02CD}.AppStore|Any CPU.ActiveCfg = AppStore|iPhone
		{C98F13F0-1E44-4065-946A-F864A45B02CD}.AppStore|Any CPU.Build.0 = AppStore|iPhone
		{C98F13F0-1E44-4065-946A-F864A45B02CD}.AppStore|Any CPU.Deploy.0 = AppStore|iPhone
		{C98F13F0-1E44-4065-946A-F864A45B02CD}.AppStore|iPhone.ActiveCfg = AppStore|iPhone
		{C98F13F0-1E44-4065-946A-F864A45B02CD}.AppStore|iPhone.Build.0 = AppStore|iPhone
		{C98F13F0-1E44-4065-946A-F864A45B02CD}.AppStore|iPhone.Deploy.0 = AppStore|iPhone
		{C98F13F0-1E44-4065-946A-F864A45B02CD}.AppStore|iPhoneSimulator.ActiveCfg = AppStore|iPhoneSimulator
		{C98F13F0-1E44-4065-946A-F864A45B02CD}.AppStore|iPhoneSimulator.Build.0 = AppStore|iPhoneSimulator
		{C98F13F0-1E44-4065-946A-F864A45B02CD}.AppStore|iPhoneSimulator.Deploy.0 = AppStore|iPhoneSimulator
		{C98F13F0-1E44-4065-946A-F864A45B02CD}.Debug|Any CPU.ActiveCfg = Debug|iPhoneSimulator
		{C98F13F0-1E44-4065-946A-F864A45B02CD}.Debug|Any CPU.Build.0 = Debug|iPhoneSimulator
		{C98F13F0-1E44-4065-946A-F864A45B02CD}.Debug|Any CPU.Deploy.0 = Debug|iPhoneSimulator
		{C98F13F0-1E44-4065-946A-F864A45B02CD}.Debug|iPhone.ActiveCfg = Debug|iPhone
		{C98F13F0-1E44-4065-946A-F864A45B02CD}.Debug|iPhone.Build.0 = Debug|iPhone
		{C98F13F0-1E44-4065-946A-F864A45B02CD}.Debug|iPhone.Deploy.0 = Debug|iPhone
		{C98F13F0-1E44-4065-946A-F864A45B02CD}.Debug|iPhoneSimulator.ActiveCfg = Debug|iPhoneSimulator
		{C98F13F0-1E44-4065-946A-F864A45B02CD}.Debug|iPhoneSimulator.Build.0 = Debug|iPhoneSimulator
		{C98F13F0-1E44-4065-946A-F864A45B02CD}.Debug|iPhoneSimulator.Deploy.0 = Debug|iPhoneSimulator
		{C98F13F0-1E44-4065-946A-F864A45B02CD}.Release|Any CPU.ActiveCfg = Release|iPhone
		{C98F13F0-1E44-4065-946A-F864A45B02CD}.Release|Any CPU.Build.0 = Release|iPhone
		{C98F13F0-1E44-4065-946A-F864A45B02CD}.Release|Any CPU.Deploy.0 = Release|iPhone
		{C98F13F0-1E44-4065-946A-F864A45B02CD}.Release|iPhone.ActiveCfg = Release|iPhone
		{C98F13F0-1E44-4065-946A-F864A45B02CD}.Release|iPhone.Build.0 = Release|iPhone
		{C98F13F0-1E44-4065-946A-F864A45B02CD}.Release|iPhone.Deploy.0 = Release|iPhone
		{C98F13F0-1E44-4065-946A-F864A45B02CD}.Release|iPhoneSimulator.ActiveCfg = Release|iPhoneSimulator
		{C98F13F0-1E44-4065-946A-F864A45B02CD}.Release|iPhoneSimulator.Build.0 = Release|iPhoneSimulator
		{C98F13F0-1E44-4065-946A-F864A45B02CD}.Release|iPhoneSimulator.Deploy.0 = Release|iPhoneSimulator
		{9E5E184A-DDE0-47CA-8F68-E30F43F21BE3}.Ad-Hoc|Any CPU.ActiveCfg = Debug|Any CPU
		{9E5E184A-DDE0-47CA-8F68-E30F43F21BE3}.Ad-Hoc|Any CPU.Build.0 = Debug|Any CPU
		{9E5E184A-DDE0-47CA-8F68-E30F43F21BE3}.Ad-Hoc|Any CPU.Deploy.0 = Debug|Any CPU
		{9E5E184A-DDE0-47CA-8F68-E30F43F21BE3}.Ad-Hoc|iPhone.ActiveCfg = Debug|Any CPU
		{9E5E184A-DDE0-47CA-8F68-E30F43F21BE3}.Ad-Hoc|iPhone.Build.0 = Debug|Any CPU
		{9E5E184A-DDE0-47CA-8F68-E30F43F21BE3}.Ad-Hoc|iPhone.Deploy.0 = Debug|Any CPU
		{9E5E184A-DDE0-47CA-8F68-E30F43F21BE3}.Ad-Hoc|iPhoneSimulator.ActiveCfg = Debug|Any CPU
		{9E5E184A-DDE0-47CA-8F68-E30F43F21BE3}.Ad-Hoc|iPhoneSimulator.Build.0 = Debug|Any CPU
		{9E5E184A-DDE0-47CA-8F68-E30F43F21BE3}.Ad-Hoc|iPhoneSimulator.Deploy.0 = Debug|Any CPU
		{9E5E184A-DDE0-47CA-8F68-E30F43F21BE3}.AppStore|Any CPU.ActiveCfg = Debug|Any CPU
		{9E5E184A-DDE0-47CA-8F68-E30F43F21BE3}.AppStore|Any CPU.Build.0 = Debug|Any CPU
		{9E5E184A-DDE0-47CA-8F68-E30F43F21BE3}.AppStore|Any CPU.Deploy.0 = Debug|Any CPU
		{9E5E184A-DDE0-47CA-8F68-E30F43F21BE3}.AppStore|iPhone.ActiveCfg = Debug|Any CPU
		{9E5E184A-DDE0-47CA-8F68-E30F43F21BE3}.AppStore|iPhone.Build.0 = Debug|Any CPU
		{9E5E184A-DDE0-47CA-8F68-E30F43F21BE3}.AppStore|iPhone.Deploy.0 = Debug|Any CPU
		{9E5E184A-DDE0-47CA-8F68-E30F43F21BE3}.AppStore|iPhoneSimulator.ActiveCfg = Debug|Any CPU
		{9E5E184A-DDE0-47CA-8F68-E30F43F21BE3}.AppStore|iPhoneSimulator.Build.0 = Debug|Any CPU
		{9E5E184A-DDE0-47CA-8F68-E30F43F21BE3}.AppStore|iPhoneSimulator.Deploy.0 = Debug|Any CPU
		{9E5E184A-DDE0-47CA-8F68-E30F43F21BE3}.Debug|Any CPU.ActiveCfg = Debug|Any CPU
		{9E5E184A-DDE0-47CA-8F68-E30F43F21BE3}.Debug|Any CPU.Build.0 = Debug|Any CPU
		{9E5E184A-DDE0-47CA-8F68-E30F43F21BE3}.Debug|Any CPU.Deploy.0 = Debug|Any CPU
		{9E5E184A-DDE0-47CA-8F68-E30F43F21BE3}.Debug|iPhone.ActiveCfg = Debug|Any CPU
		{9E5E184A-DDE0-47CA-8F68-E30F43F21BE3}.Debug|iPhone.Build.0 = Debug|Any CPU
		{9E5E184A-DDE0-47CA-8F68-E30F43F21BE3}.Debug|iPhone.Deploy.0 = Debug|Any CPU
		{9E5E184A-DDE0-47CA-8F68-E30F43F21BE3}.Debug|iPhoneSimulator.ActiveCfg = Debug|Any CPU
		{9E5E184A-DDE0-47CA-8F68-E30F43F21BE3}.Debug|iPhoneSimulator.Build.0 = Debug|Any CPU
		{9E5E184A-DDE0-47CA-8F68-E30F43F21BE3}.Debug|iPhoneSimulator.Deploy.0 = Debug|Any CPU
		{9E5E184A-DDE0-47CA-8F68-E30F43F21BE3}.Release|Any CPU.ActiveCfg = Release|Any CPU
		{9E5E184A-DDE0-47CA-8F68-E30F43F21BE3}.Release|Any CPU.Build.0 = Release|Any CPU
		{9E5E184A-DDE0-47CA-8F68-E30F43F21BE3}.Release|Any CPU.Deploy.0 = Release|Any CPU
		{9E5E184A-DDE0-47CA-8F68-E30F43F21BE3}.Release|iPhone.ActiveCfg = Release|Any CPU
		{9E5E184A-DDE0-47CA-8F68-E30F43F21BE3}.Release|iPhone.Build.0 = Release|Any CPU
		{9E5E184A-DDE0-47CA-8F68-E30F43F21BE3}.Release|iPhone.Deploy.0 = Release|Any CPU
		{9E5E184A-DDE0-47CA-8F68-E30F43F21BE3}.Release|iPhoneSimulator.ActiveCfg = Release|Any CPU
		{9E5E184A-DDE0-47CA-8F68-E30F43F21BE3}.Release|iPhoneSimulator.Build.0 = Release|Any CPU
		{9E5E184A-DDE0-47CA-8F68-E30F43F21BE3}.Release|iPhoneSimulator.Deploy.0 = Release|Any CPU
	EndGlobalSection
	GlobalSection(SolutionProperties) = preSolution
		HideSolutionNode = FALSE
	EndGlobalSection
	GlobalSection(ExtensibilityGlobals) = postSolution
		SolutionGuid = {1EDAB6B5-0A40-464F-A784-0B8C61069744}
	EndGlobalSection
EndGlobal
